// !$*UTF8*$!
{
	archiveVersion = 1;
	classes = {
	};
	objectVersion = 56;
	objects = {

/* Begin PBXBuildFile section */
		494FE6C92C317EE10056B42A /* MusicMenuBarApp.swift in Sources */ = {isa = PBXBuildFile; fileRef = 494FE6C82C317EE10056B42A /* MusicMenuBarApp.swift */; };
		494FE6CD2C317EE20056B42A /* Assets.xcassets in Resources */ = {isa = PBXBuildFile; fileRef = 494FE6CC2C317EE20056B42A /* Assets.xcassets */; };
		494FE6D02C317EE20056B42A /* Preview Assets.xcassets in Resources */ = {isa = PBXBuildFile; fileRef = 494FE6CF2C317EE20056B42A /* Preview Assets.xcassets */; };
		494FE6DB2C3197570056B42A /* Extensions.swift in Sources */ = {isa = PBXBuildFile; fileRef = 494FE6DA2C3197570056B42A /* Extensions.swift */; };
		494FE6DD2C31A0790056B42A /* MusicMenuBarModel.swift in Sources */ = {isa = PBXBuildFile; fileRef = 494FE6DC2C31A0790056B42A /* MusicMenuBarModel.swift */; };
		494FE6E02C31A4C60056B42A /* MusicMenuBarView.swift in Sources */ = {isa = PBXBuildFile; fileRef = 494FE6DF2C31A4C60056B42A /* MusicMenuBarView.swift */; };
/* End PBXBuildFile section */

/* Begin PBXFileReference section */
		494FE6C52C317EE10056B42A /* MusicMenuBar.app */ = {isa = PBXFileReference; explicitFileType = wrapper.application; includeInIndex = 0; path = MusicMenuBar.app; sourceTree = BUILT_PRODUCTS_DIR; };
		494FE6C82C317EE10056B42A /* MusicMenuBarApp.swift */ = {isa = PBXFileReference; lastKnownFileType = sourcecode.swift; path = MusicMenuBarApp.swift; sourceTree = "<group>"; };
		494FE6CC2C317EE20056B42A /* Assets.xcassets */ = {isa = PBXFileReference; lastKnownFileType = folder.assetcatalog; path = Assets.xcassets; sourceTree = "<group>"; };
		494FE6CF2C317EE20056B42A /* Preview Assets.xcassets */ = {isa = PBXFileReference; lastKnownFileType = folder.assetcatalog; path = "Preview Assets.xcassets"; sourceTree = "<group>"; };
		494FE6D12C317EE20056B42A /* MusicMenuBar.entitlements */ = {isa = PBXFileReference; lastKnownFileType = text.plist.entitlements; path = MusicMenuBar.entitlements; sourceTree = "<group>"; };
		494FE6D72C317FC20056B42A /* Info.plist */ = {isa = PBXFileReference; lastKnownFileType = text.plist; path = Info.plist; sourceTree = "<group>"; };
		494FE6DA2C3197570056B42A /* Extensions.swift */ = {isa = PBXFileReference; lastKnownFileType = sourcecode.swift; path = Extensions.swift; sourceTree = "<group>"; };
		494FE6DC2C31A0790056B42A /* MusicMenuBarModel.swift */ = {isa = PBXFileReference; lastKnownFileType = sourcecode.swift; path = MusicMenuBarModel.swift; sourceTree = "<group>"; };
		494FE6DF2C31A4C60056B42A /* MusicMenuBarView.swift */ = {isa = PBXFileReference; lastKnownFileType = sourcecode.swift; path = MusicMenuBarView.swift; sourceTree = "<group>"; };
		495F92102C31F57B008C4861 /* README.md */ = {isa = PBXFileReference; lastKnownFileType = net.daringfireball.markdown; path = README.md; sourceTree = "<group>"; };
/* End PBXFileReference section */

/* Begin PBXFrameworksBuildPhase section */
		494FE6C22C317EE10056B42A /* Frameworks */ = {
			isa = PBXFrameworksBuildPhase;
			buildActionMask = 2147483647;
			files = (
			);
			runOnlyForDeploymentPostprocessing = 0;
		};
/* End PBXFrameworksBuildPhase section */

/* Begin PBXGroup section */
		494FE6BC2C317EE10056B42A = {
			isa = PBXGroup;
			children = (
				495F92102C31F57B008C4861 /* README.md */,
				494FE6C72C317EE10056B42A /* MusicMenuBar */,
				494FE6C62C317EE10056B42A /* Products */,
			);
			sourceTree = "<group>";
		};
		494FE6C62C317EE10056B42A /* Products */ = {
			isa = PBXGroup;
			children = (
				494FE6C52C317EE10056B42A /* MusicMenuBar.app */,
			);
			name = Products;
			sourceTree = "<group>";
		};
		494FE6C72C317EE10056B42A /* MusicMenuBar */ = {
			isa = PBXGroup;
			children = (
				494FE6D72C317FC20056B42A /* Info.plist */,
				494FE6C82C317EE10056B42A /* MusicMenuBarApp.swift */,
				494FE6CC2C317EE20056B42A /* Assets.xcassets */,
				494FE6D12C317EE20056B42A /* MusicMenuBar.entitlements */,
				494FE6CE2C317EE20056B42A /* Preview Content */,
				494FE6DA2C3197570056B42A /* Extensions.swift */,
				494FE6DC2C31A0790056B42A /* MusicMenuBarModel.swift */,
				494FE6DF2C31A4C60056B42A /* MusicMenuBarView.swift */,
			);
			path = MusicMenuBar;
			sourceTree = "<group>";
		};
		494FE6CE2C317EE20056B42A /* Preview Content */ = {
			isa = PBXGroup;
			children = (
				494FE6CF2C317EE20056B42A /* Preview Assets.xcassets */,
			);
			path = "Preview Content";
			sourceTree = "<group>";
		};
/* End PBXGroup section */

/* Begin PBXNativeTarget section */
		494FE6C42C317EE10056B42A /* MusicMenuBar */ = {
			isa = PBXNativeTarget;
			buildConfigurationList = 494FE6D42C317EE20056B42A /* Build configuration list for PBXNativeTarget "MusicMenuBar" */;
			buildPhases = (
				494FE6C12C317EE10056B42A /* Sources */,
				494FE6C22C317EE10056B42A /* Frameworks */,
				494FE6C32C317EE10056B42A /* Resources */,
			);
			buildRules = (
			);
			dependencies = (
			);
			name = MusicMenuBar;
			productName = MusicMenuBar;
			productReference = 494FE6C52C317EE10056B42A /* MusicMenuBar.app */;
			productType = "com.apple.product-type.application";
		};
/* End PBXNativeTarget section */

/* Begin PBXProject section */
		494FE6BD2C317EE10056B42A /* Project object */ = {
			isa = PBXProject;
			attributes = {
				BuildIndependentTargetsInParallel = 1;
				LastSwiftUpdateCheck = 1540;
				LastUpgradeCheck = 1540;
				TargetAttributes = {
					494FE6C42C317EE10056B42A = {
						CreatedOnToolsVersion = 15.4;
					};
				};
			};
			buildConfigurationList = 494FE6C02C317EE10056B42A /* Build configuration list for PBXProject "MusicMenuBar" */;
			compatibilityVersion = "Xcode 14.0";
			developmentRegion = en;
			hasScannedForEncodings = 0;
			knownRegions = (
				en,
				Base,
			);
			mainGroup = 494FE6BC2C317EE10056B42A;
			productRefGroup = 494FE6C62C317EE10056B42A /* Products */;
			projectDirPath = "";
			projectRoot = "";
			targets = (
				494FE6C42C317EE10056B42A /* MusicMenuBar */,
			);
		};
/* End PBXProject section */

/* Begin PBXResourcesBuildPhase section */
		494FE6C32C317EE10056B42A /* Resources */ = {
			isa = PBXResourcesBuildPhase;
			buildActionMask = 2147483647;
			files = (
				494FE6D02C317EE20056B42A /* Preview Assets.xcassets in Resources */,
				494FE6CD2C317EE20056B42A /* Assets.xcassets in Resources */,
			);
			runOnlyForDeploymentPostprocessing = 0;
		};
/* End PBXResourcesBuildPhase section */

/* Begin PBXSourcesBuildPhase section */
		494FE6C12C317EE10056B42A /* Sources */ = {
			isa = PBXSourcesBuildPhase;
			buildActionMask = 2147483647;
			files = (
				494FE6C92C317EE10056B42A /* MusicMenuBarApp.swift in Sources */,
				494FE6DD2C31A0790056B42A /* MusicMenuBarModel.swift in Sources */,
				494FE6DB2C3197570056B42A /* Extensions.swift in Sources */,
				494FE6E02C31A4C60056B42A /* MusicMenuBarView.swift in Sources */,
			);
			runOnlyForDeploymentPostprocessing = 0;
		};
/* End PBXSourcesBuildPhase section */

/* Begin XCBuildConfiguration section */
		494FE6D22C317EE20056B42A /* Debug */ = {
			isa = XCBuildConfiguration;
			buildSettings = {
				ALWAYS_SEARCH_USER_PATHS = NO;
				ASSETCATALOG_COMPILER_GENERATE_SWIFT_ASSET_SYMBOL_EXTENSIONS = YES;
				CLANG_ANALYZER_NONNULL = YES;
				CLANG_ANALYZER_NUMBER_OBJECT_CONVERSION = YES_AGGRESSIVE;
				CLANG_CXX_LANGUAGE_STANDARD = "gnu++20";
				CLANG_ENABLE_MODULES = YES;
				CLANG_ENABLE_OBJC_ARC = YES;
				CLANG_ENABLE_OBJC_WEAK = YES;
				CLANG_WARN_BLOCK_CAPTURE_AUTORELEASING = YES;
				CLANG_WARN_BOOL_CONVERSION = YES;
				CLANG_WARN_COMMA = YES;
				CLANG_WARN_CONSTANT_CONVERSION = YES;
				CLANG_WARN_DEPRECATED_OBJC_IMPLEMENTATIONS = YES;
				CLANG_WARN_DIRECT_OBJC_ISA_USAGE = YES_ERROR;
				CLANG_WARN_DOCUMENTATION_COMMENTS = YES;
				CLANG_WARN_EMPTY_BODY = YES;
				CLANG_WARN_ENUM_CONVERSION = YES;
				CLANG_WARN_INFINITE_RECURSION = YES;
				CLANG_WARN_INT_CONVERSION = YES;
				CLANG_WARN_NON_LITERAL_NULL_CONVERSION = YES;
				CLANG_WARN_OBJC_IMPLICIT_RETAIN_SELF = YES;
				CLANG_WARN_OBJC_LITERAL_CONVERSION = YES;
				CLANG_WARN_OBJC_ROOT_CLASS = YES_ERROR;
				CLANG_WARN_QUOTED_INCLUDE_IN_FRAMEWORK_HEADER = YES;
				CLANG_WARN_RANGE_LOOP_ANALYSIS = YES;
				CLANG_WARN_STRICT_PROTOTYPES = YES;
				CLANG_WARN_SUSPICIOUS_MOVE = YES;
				CLANG_WARN_UNGUARDED_AVAILABILITY = YES_AGGRESSIVE;
				CLANG_WARN_UNREACHABLE_CODE = YES;
				CLANG_WARN__DUPLICATE_METHOD_MATCH = YES;
				COPY_PHASE_STRIP = NO;
				DEBUG_INFORMATION_FORMAT = dwarf;
				ENABLE_STRICT_OBJC_MSGSEND = YES;
				ENABLE_TESTABILITY = YES;
				ENABLE_USER_SCRIPT_SANDBOXING = YES;
				GCC_C_LANGUAGE_STANDARD = gnu17;
				GCC_DYNAMIC_NO_PIC = NO;
				GCC_NO_COMMON_BLOCKS = YES;
				GCC_OPTIMIZATION_LEVEL = 0;
				GCC_PREPROCESSOR_DEFINITIONS = (
					"DEBUG=1",
					"$(inherited)",
				);
				GCC_WARN_64_TO_32_BIT_CONVERSION = YES;
				GCC_WARN_ABOUT_RETURN_TYPE = YES_ERROR;
				GCC_WARN_UNDECLARED_SELECTOR = YES;
				GCC_WARN_UNINITIALIZED_AUTOS = YES_AGGRESSIVE;
				GCC_WARN_UNUSED_FUNCTION = YES;
				GCC_WARN_UNUSED_VARIABLE = YES;
				LOCALIZATION_PREFERS_STRING_CATALOGS = YES;
				MACOSX_DEPLOYMENT_TARGET = 13.0;
				MTL_ENABLE_DEBUG_INFO = INCLUDE_SOURCE;
				MTL_FAST_MATH = YES;
				ONLY_ACTIVE_ARCH = YES;
				SDKROOT = macosx;
				SWIFT_ACTIVE_COMPILATION_CONDITIONS = "DEBUG $(inherited)";
				SWIFT_OPTIMIZATION_LEVEL = "-Onone";
			};
			name = Debug;
		};
		494FE6D32C317EE20056B42A /* Release */ = {
			isa = XCBuildConfiguration;
			buildSettings = {
				ALWAYS_SEARCH_USER_PATHS = NO;
				ASSETCATALOG_COMPILER_GENERATE_SWIFT_ASSET_SYMBOL_EXTENSIONS = YES;
				CLANG_ANALYZER_NONNULL = YES;
				CLANG_ANALYZER_NUMBER_OBJECT_CONVERSION = YES_AGGRESSIVE;
				CLANG_CXX_LANGUAGE_STANDARD = "gnu++20";
				CLANG_ENABLE_MODULES = YES;
				CLANG_ENABLE_OBJC_ARC = YES;
				CLANG_ENABLE_OBJC_WEAK = YES;
				CLANG_WARN_BLOCK_CAPTURE_AUTORELEASING = YES;
				CLANG_WARN_BOOL_CONVERSION = YES;
				CLANG_WARN_COMMA = YES;
				CLANG_WARN_CONSTANT_CONVERSION = YES;
				CLANG_WARN_DEPRECATED_OBJC_IMPLEMENTATIONS = YES;
				CLANG_WARN_DIRECT_OBJC_ISA_USAGE = YES_ERROR;
				CLANG_WARN_DOCUMENTATION_COMMENTS = YES;
				CLANG_WARN_EMPTY_BODY = YES;
				CLANG_WARN_ENUM_CONVERSION = YES;
				CLANG_WARN_INFINITE_RECURSION = YES;
				CLANG_WARN_INT_CONVERSION = YES;
				CLANG_WARN_NON_LITERAL_NULL_CONVERSION = YES;
				CLANG_WARN_OBJC_IMPLICIT_RETAIN_SELF = YES;
				CLANG_WARN_OBJC_LITERAL_CONVERSION = YES;
				CLANG_WARN_OBJC_ROOT_CLASS = YES_ERROR;
				CLANG_WARN_QUOTED_INCLUDE_IN_FRAMEWORK_HEADER = YES;
				CLANG_WARN_RANGE_LOOP_ANALYSIS = YES;
				CLANG_WARN_STRICT_PROTOTYPES = YES;
				CLANG_WARN_SUSPICIOUS_MOVE = YES;
				CLANG_WARN_UNGUARDED_AVAILABILITY = YES_AGGRESSIVE;
				CLANG_WARN_UNREACHABLE_CODE = YES;
				CLANG_WARN__DUPLICATE_METHOD_MATCH = YES;
				COPY_PHASE_STRIP = NO;
				DEBUG_INFORMATION_FORMAT = "dwarf-with-dsym";
				ENABLE_NS_ASSERTIONS = NO;
				ENABLE_STRICT_OBJC_MSGSEND = YES;
				ENABLE_USER_SCRIPT_SANDBOXING = YES;
				GCC_C_LANGUAGE_STANDARD = gnu17;
				GCC_NO_COMMON_BLOCKS = YES;
				GCC_WARN_64_TO_32_BIT_CONVERSION = YES;
				GCC_WARN_ABOUT_RETURN_TYPE = YES_ERROR;
				GCC_WARN_UNDECLARED_SELECTOR = YES;
				GCC_WARN_UNINITIALIZED_AUTOS = YES_AGGRESSIVE;
				GCC_WARN_UNUSED_FUNCTION = YES;
				GCC_WARN_UNUSED_VARIABLE = YES;
				LOCALIZATION_PREFERS_STRING_CATALOGS = YES;
				MACOSX_DEPLOYMENT_TARGET = 13.0;
				MTL_ENABLE_DEBUG_INFO = NO;
				MTL_FAST_MATH = YES;
				SDKROOT = macosx;
				SWIFT_COMPILATION_MODE = wholemodule;
			};
			name = Release;
		};
		494FE6D52C317EE20056B42A /* Debug */ = {
			isa = XCBuildConfiguration;
			buildSettings = {
				ASSETCATALOG_COMPILER_APPICON_NAME = AppIcon;
				ASSETCATALOG_COMPILER_GLOBAL_ACCENT_COLOR_NAME = AccentColor;
				CODE_SIGN_ENTITLEMENTS = MusicMenuBar/MusicMenuBar.entitlements;
				CODE_SIGN_STYLE = Automatic;
				COMBINE_HIDPI_IMAGES = YES;
				CURRENT_PROJECT_VERSION = 1;
				DEVELOPMENT_ASSET_PATHS = "\"MusicMenuBar/Preview Content\"";
				DEVELOPMENT_TEAM = 8S9HU6DHCP;
				ENABLE_HARDENED_RUNTIME = YES;
				ENABLE_PREVIEWS = YES;
				GENERATE_INFOPLIST_FILE = YES;
				INFOPLIST_FILE = MusicMenuBar/Info.plist;
				INFOPLIST_KEY_LSUIElement = YES;
				INFOPLIST_KEY_NSAppleEventsUsageDescription = "MusicMenuBar needs this permission to get infos about what is currently playing.";
				INFOPLIST_KEY_NSHumanReadableCopyright = "";
				LD_RUNPATH_SEARCH_PATHS = (
					"$(inherited)",
					"@executable_path/../Frameworks",
				);
				MARKETING_VERSION = 1.0;
				PRODUCT_BUNDLE_IDENTIFIER = org.lumap.MusicMenuBar;
				PRODUCT_NAME = "$(TARGET_NAME)";
				SWIFT_EMIT_LOC_STRINGS = YES;
				SWIFT_VERSION = 5.0;
			};
			name = Debug;
		};
		494FE6D62C317EE20056B42A /* Release */ = {
			isa = XCBuildConfiguration;
			buildSettings = {
				ASSETCATALOG_COMPILER_APPICON_NAME = AppIcon;
				ASSETCATALOG_COMPILER_GLOBAL_ACCENT_COLOR_NAME = AccentColor;
				CODE_SIGN_ENTITLEMENTS = MusicMenuBar/MusicMenuBar.entitlements;
				CODE_SIGN_STYLE = Automatic;
				COMBINE_HIDPI_IMAGES = YES;
				CURRENT_PROJECT_VERSION = 1;
				DEVELOPMENT_ASSET_PATHS = "\"MusicMenuBar/Preview Content\"";
				DEVELOPMENT_TEAM = 8S9HU6DHCP;
				ENABLE_HARDENED_RUNTIME = YES;
				ENABLE_PREVIEWS = YES;
				GENERATE_INFOPLIST_FILE = YES;
				INFOPLIST_FILE = MusicMenuBar/Info.plist;
				INFOPLIST_KEY_LSUIElement = YES;
				INFOPLIST_KEY_NSAppleEventsUsageDescription = "MusicMenuBar needs this permission to get infos about what is currently playing.";
				INFOPLIST_KEY_NSHumanReadableCopyright = "";
				LD_RUNPATH_SEARCH_PATHS = (
					"$(inherited)",
					"@executable_path/../Frameworks",
				);
				MARKETING_VERSION = 1.0;
				PRODUCT_BUNDLE_IDENTIFIER = org.lumap.MusicMenuBar;
				PRODUCT_NAME = "$(TARGET_NAME)";
				SWIFT_EMIT_LOC_STRINGS = YES;
				SWIFT_VERSION = 5.0;
			};
			name = Release;
		};
/* End XCBuildConfiguration section */

/* Begin XCConfigurationList section */
		494FE6C02C317EE10056B42A /* Build configuration list for PBXProject "MusicMenuBar" */ = {
			isa = XCConfigurationList;
			buildConfigurations = (
				494FE6D22C317EE20056B42A /* Debug */,
				494FE6D32C317EE20056B42A /* Release */,
			);
			defaultConfigurationIsVisible = 0;
			defaultConfigurationName = Release;
		};
		494FE6D42C317EE20056B42A /* Build configuration list for PBXNativeTarget "MusicMenuBar" */ = {
			isa = XCConfigurationList;
			buildConfigurations = (
				494FE6D52C317EE20056B42A /* Debug */,
				494FE6D62C317EE20056B42A /* Release */,
			);
			defaultConfigurationIsVisible = 0;
			defaultConfigurationName = Release;
		};
/* End XCConfigurationList section */
	};
	rootObject = 494FE6BD2C317EE10056B42A /* Project object */;
}
